
Microsoft Visual Studio Solution File, Format Version 12.00
# Visual Studio 15
VisualStudioVersion = 15.0.27130.2010
MinimumVisualStudioVersion = 10.0.40219.1
Project("{FAE04EC0-301F-11D3-BF4B-00C04F79EFBC}") = "LibraryEntity", "LibraryEntity\LibraryEntity.csproj", "{6EBD714D-24D8-4271-ABE4-7981731E45F4}"
EndProject
Project("{FAE04EC0-301F-11D3-BF4B-00C04F79EFBC}") = "BusinessLayer", "BusinessLayer\BusinessLayer.csproj", "{38AE854B-5507-4633-92E9-5782B7DEA57F}"
EndProject
Project("{FAE04EC0-301F-11D3-BF4B-00C04F79EFBC}") = "DataAccessLayer", "DataAccessLayer\DataAccessLayer.csproj", "{AA027302-E7BF-4F92-B949-195C679C10E3}"
EndProject
Project("{FAE04EC0-301F-11D3-BF4B-00C04F79EFBC}") = "Client", "Client\Client.csproj", "{C9A487D9-66C5-48C2-A590-60F90A284047}"
EndProject
Global
	GlobalSection(SolutionConfigurationPlatforms) = preSolution
		Debug|Any CPU = Debug|Any CPU
		Release|Any CPU = Release|Any CPU
	EndGlobalSection
	GlobalSection(ProjectConfigurationPlatforms) = postSolution
		{6EBD714D-24D8-4271-ABE4-7981731E45F4}.Debug|Any CPU.ActiveCfg = Debug|Any CPU
		{6EBD714D-24D8-4271-ABE4-7981731E45F4}.Debug|Any CPU.Build.0 = Debug|Any CPU
		{6EBD714D-24D8-4271-ABE4-7981731E45F4}.Release|Any CPU.ActiveCfg = Release|Any CPU
		{6EBD714D-24D8-4271-ABE4-7981731E45F4}.Release|Any CPU.Build.0 = Release|Any CPU
		{38AE854B-5507-4633-92E9-5782B7DEA57F}.Debug|Any CPU.ActiveCfg = Debug|Any CPU
		{38AE854B-5507-4633-92E9-5782B7DEA57F}.Debug|Any CPU.Build.0 = Debug|Any CPU
		{38AE854B-5507-4633-92E9-5782B7DEA57F}.Release|Any CPU.ActiveCfg = Release|Any CPU
		{38AE854B-5507-4633-92E9-5782B7DEA57F}.Release|Any CPU.Build.0 = Release|Any CPU
		{AA027302-E7BF-4F92-B949-195C679C10E3}.Debug|Any CPU.ActiveCfg = Debug|Any CPU
		{AA027302-E7BF-4F92-B949-195C679C10E3}.Debug|Any CPU.Build.0 = Debug|Any CPU
		{AA027302-E7BF-4F92-B949-195C679C10E3}.Release|Any CPU.ActiveCfg = Release|Any CPU
		{AA027302-E7BF-4F92-B949-195C679C10E3}.Release|Any CPU.Build.0 = Release|Any CPU
		{C9A487D9-66C5-48C2-A590-60F90A284047}.Debug|Any CPU.ActiveCfg = Debug|Any CPU
		{C9A487D9-66C5-48C2-A590-60F90A284047}.Debug|Any CPU.Build.0 = Debug|Any CPU
		{C9A487D9-66C5-48C2-A590-60F90A284047}.Release|Any CPU.ActiveCfg = Release|Any CPU
		{C9A487D9-66C5-48C2-A590-60F90A284047}.Release|Any CPU.Build.0 = Release|Any CPU
	EndGlobalSection
	GlobalSection(SolutionProperties) = preSolution
		HideSolutionNode = FALSE
	EndGlobalSection
	GlobalSection(ExtensibilityGlobals) = postSolution
		SolutionGuid = {D4629E39-C86A-4E7E-AE87-6A72302B043E}
	EndGlobalSection
EndGlobal
